
Microsoft Visual Studio Solution File, Format Version 12.00
# Visual Studio Version 17
VisualStudioVersion = 17.8.34309.116
MinimumVisualStudioVersion = 10.0.40219.1
Project("{FAE04EC0-301F-11D3-BF4B-00C04F79EFBC}") = "Gokarts", "Gokarts\Gokarts.csproj", "{E29835B1-AC68-4C5C-9F65-7884E08FAEF2}"
EndProject
Global
	GlobalSection(SolutionConfigurationPlatforms) = preSolution
		Debug|Any CPU = Debug|Any CPU
		Release|Any CPU = Release|Any CPU
	EndGlobalSection
	GlobalSection(ProjectConfigurationPlatforms) = postSolution
		{E29835B1-AC68-4C5C-9F65-7884E08FAEF2}.Debug|Any CPU.ActiveCfg = Debug|Any CPU
		{E29835B1-AC68-4C5C-9F65-7884E08FAEF2}.Debug|Any CPU.Build.0 = Debug|Any CPU
		{E29835B1-AC68-4C5C-9F65-7884E08FAEF2}.Release|Any CPU.ActiveCfg = Release|Any CPU
		{E29835B1-AC68-4C5C-9F65-7884E08FAEF2}.Release|Any CPU.Build.0 = Release|Any CPU
	EndGlobalSection
	GlobalSection(SolutionProperties) = preSolution
		HideSolutionNode = FALSE
	EndGlobalSection
	GlobalSection(ExtensibilityGlobals) = postSolution
		SolutionGuid = {729FE1EC-E010-4AD2-AF9E-5C1FCC67AF59}
	EndGlobalSection
EndGlobal
